
Microsoft Visual Studio Solution File, Format Version 12.00
# Visual Studio 15
VisualStudioVersion = 15.0.27004.2005
MinimumVisualStudioVersion = 10.0.40219.1
Project("{FAE04EC0-301F-11D3-BF4B-00C04F79EFBC}") = "MyTunes.iOS", "MyTunes.iOS\MyTunes.iOS.csproj", "{22EF5B91-787A-482D-B44C-B6E6FAC21364}"
EndProject
Project("{FAE04EC0-301F-11D3-BF4B-00C04F79EFBC}") = "MyTunes.Droid", "MyTunes.Droid\MyTunes.Droid.csproj", "{0C81A770-8D1B-4AF4-B223-41D97756FA47}"
EndProject
Project("{FAE04EC0-301F-11D3-BF4B-00C04F79EFBC}") = "MyTunes.UWP", "MyTunes.UWP\MyTunes.UWP.csproj", "{C7552E1A-F970-4D5D-8482-9E5CC646E0D3}"
EndProject
Project("{FAE04EC0-301F-11D3-BF4B-00C04F79EFBC}") = "MyTunes.Shared", "MyTunes.Shared\MyTunes.Shared.csproj", "{F242039D-DEA3-4312-8726-7C82159A5D9A}"
EndProject
Global
	GlobalSection(SolutionConfigurationPlatforms) = preSolution
		Ad-Hoc|Any CPU = Ad-Hoc|Any CPU
		Ad-Hoc|ARM = Ad-Hoc|ARM
		Ad-Hoc|iPhone = Ad-Hoc|iPhone
		Ad-Hoc|iPhoneSimulator = Ad-Hoc|iPhoneSimulator
		Ad-Hoc|Mixed Platforms = Ad-Hoc|Mixed Platforms
		Ad-Hoc|x64 = Ad-Hoc|x64
		Ad-Hoc|x86 = Ad-Hoc|x86
		AppStore|Any CPU = AppStore|Any CPU
		AppStore|ARM = AppStore|ARM
		AppStore|iPhone = AppStore|iPhone
		AppStore|iPhoneSimulator = AppStore|iPhoneSimulator
		AppStore|Mixed Platforms = AppStore|Mixed Platforms
		AppStore|x64 = AppStore|x64
		AppStore|x86 = AppStore|x86
		Debug|Any CPU = Debug|Any CPU
		Debug|ARM = Debug|ARM
		Debug|iPhone = Debug|iPhone
		Debug|iPhoneSimulator = Debug|iPhoneSimulator
		Debug|Mixed Platforms = Debug|Mixed Platforms
		Debug|x64 = Debug|x64
		Debug|x86 = Debug|x86
		Release|Any CPU = Release|Any CPU
		Release|ARM = Release|ARM
		Release|iPhone = Release|iPhone
		Release|iPhoneSimulator = Release|iPhoneSimulator
		Release|Mixed Platforms = Release|Mixed Platforms
		Release|x64 = Release|x64
		Release|x86 = Release|x86
	EndGlobalSection
	GlobalSection(ProjectConfigurationPlatforms) = postSolution
		{22EF5B91-787A-482D-B44C-B6E6FAC21364}.Ad-Hoc|Any CPU.ActiveCfg = Ad-Hoc|Any CPU
		{22EF5B91-787A-482D-B44C-B6E6FAC21364}.Ad-Hoc|Any CPU.Build.0 = Ad-Hoc|Any CPU
		{22EF5B91-787A-482D-B44C-B6E6FAC21364}.Ad-Hoc|Any CPU.Deploy.0 = Ad-Hoc|Any CPU
		{22EF5B91-787A-482D-B44C-B6E6FAC21364}.Ad-Hoc|ARM.ActiveCfg = Ad-Hoc|Any CPU
		{22EF5B91-787A-482D-B44C-B6E6FAC21364}.Ad-Hoc|iPhone.ActiveCfg = Ad-Hoc|iPhone
		{22EF5B91-787A-482D-B44C-B6E6FAC21364}.Ad-Hoc|iPhone.Build.0 = Ad-Hoc|iPhone
		{22EF5B91-787A-482D-B44C-B6E6FAC21364}.Ad-Hoc|iPhoneSimulator.ActiveCfg = Ad-Hoc|iPhone
		{22EF5B91-787A-482D-B44C-B6E6FAC21364}.Ad-Hoc|iPhoneSimulator.Build.0 = Ad-Hoc|iPhone
		{22EF5B91-787A-482D-B44C-B6E6FAC21364}.Ad-Hoc|Mixed Platforms.ActiveCfg = Ad-Hoc|Any CPU
		{22EF5B91-787A-482D-B44C-B6E6FAC21364}.Ad-Hoc|Mixed Platforms.Build.0 = Ad-Hoc|Any CPU
		{22EF5B91-787A-482D-B44C-B6E6FAC21364}.Ad-Hoc|Mixed Platforms.Deploy.0 = Ad-Hoc|Any CPU
		{22EF5B91-787A-482D-B44C-B6E6FAC21364}.Ad-Hoc|x64.ActiveCfg = Ad-Hoc|Any CPU
		{22EF5B91-787A-482D-B44C-B6E6FAC21364}.Ad-Hoc|x64.Build.0 = Ad-Hoc|Any CPU
		{22EF5B91-787A-482D-B44C-B6E6FAC21364}.Ad-Hoc|x86.ActiveCfg = Ad-Hoc|Any CPU
		{22EF5B91-787A-482D-B44C-B6E6FAC21364}.AppStore|Any CPU.ActiveCfg = AppStore|Any CPU
		{22EF5B91-787A-482D-B44C-B6E6FAC21364}.AppStore|Any CPU.Build.0 = AppStore|Any CPU
		{22EF5B91-787A-482D-B44C-B6E6FAC21364}.AppStore|Any CPU.Deploy.0 = AppStore|Any CPU
		{22EF5B91-787A-482D-B44C-B6E6FAC21364}.AppStore|ARM.ActiveCfg = AppStore|Any CPU
		{22EF5B91-787A-482D-B44C-B6E6FAC21364}.AppStore|iPhone.ActiveCfg = AppStore|iPhone
		{22EF5B91-787A-482D-B44C-B6E6FAC21364}.AppStore|iPhone.Build.0 = AppStore|iPhone
		{22EF5B91-787A-482D-B44C-B6E6FAC21364}.AppStore|iPhoneSimulator.ActiveCfg = AppStore|iPhone
		{22EF5B91-787A-482D-B44C-B6E6FAC21364}.AppStore|iPhoneSimulator.Build.0 = AppStore|iPhone
		{22EF5B91-787A-482D-B44C-B6E6FAC21364}.AppStore|Mixed Platforms.ActiveCfg = AppStore|Any CPU
		{22EF5B91-787A-482D-B44C-B6E6FAC21364}.AppStore|Mixed Platforms.Build.0 = AppStore|Any CPU
		{22EF5B91-787A-482D-B44C-B6E6FAC21364}.AppStore|Mixed Platforms.Deploy.0 = AppStore|Any CPU
		{22EF5B91-787A-482D-B44C-B6E6FAC21364}.AppStore|x64.ActiveCfg = AppStore|Any CPU
		{22EF5B91-787A-482D-B44C-B6E6FAC21364}.AppStore|x64.Build.0 = AppStore|Any CPU
		{22EF5B91-787A-482D-B44C-B6E6FAC21364}.AppStore|x86.ActiveCfg = AppStore|Any CPU
		{22EF5B91-787A-482D-B44C-B6E6FAC21364}.Debug|Any CPU.ActiveCfg = Debug|Any CPU
		{22EF5B91-787A-482D-B44C-B6E6FAC21364}.Debug|Any CPU.Build.0 = Debug|Any CPU
		{22EF5B91-787A-482D-B44C-B6E6FAC21364}.Debug|Any CPU.Deploy.0 = Debug|Any CPU
		{22EF5B91-787A-482D-B44C-B6E6FAC21364}.Debug|ARM.ActiveCfg = Debug|Any CPU
		{22EF5B91-787A-482D-B44C-B6E6FAC21364}.Debug|iPhone.ActiveCfg = Debug|Any CPU
		{22EF5B91-787A-482D-B44C-B6E6FAC21364}.Debug|iPhone.Build.0 = Debug|Any CPU
		{22EF5B91-787A-482D-B44C-B6E6FAC21364}.Debug|iPhone.Deploy.0 = Debug|Any CPU
		{22EF5B91-787A-482D-B44C-B6E6FAC21364}.Debug|iPhoneSimulator.ActiveCfg = Debug|iPhoneSimulator
		{22EF5B91-787A-482D-B44C-B6E6FAC21364}.Debug|iPhoneSimulator.Build.0 = Debug|iPhoneSimulator
		{22EF5B91-787A-482D-B44C-B6E6FAC21364}.Debug|iPhoneSimulator.Deploy.0 = Debug|iPhoneSimulator
		{22EF5B91-787A-482D-B44C-B6E6FAC21364}.Debug|Mixed Platforms.ActiveCfg = Debug|Any CPU
		{22EF5B91-787A-482D-B44C-B6E6FAC21364}.Debug|Mixed Platforms.Build.0 = Debug|Any CPU
		{22EF5B91-787A-482D-B44C-B6E6FAC21364}.Debug|Mixed Platforms.Deploy.0 = Debug|Any CPU
		{22EF5B91-787A-482D-B44C-B6E6FAC21364}.Debug|x64.ActiveCfg = Debug|Any CPU
		{22EF5B91-787A-482D-B44C-B6E6FAC21364}.Debug|x64.Build.0 = Debug|Any CPU
		{22EF5B91-787A-482D-B44C-B6E6FAC21364}.Debug|x86.ActiveCfg = Debug|Any CPU
		{22EF5B91-787A-482D-B44C-B6E6FAC21364}.Release|Any CPU.ActiveCfg = Release|Any CPU
		{22EF5B91-787A-482D-B44C-B6E6FAC21364}.Release|Any CPU.Build.0 = Release|Any CPU
		{22EF5B91-787A-482D-B44C-B6E6FAC21364}.Release|Any CPU.Deploy.0 = Release|Any CPU
		{22EF5B91-787A-482D-B44C-B6E6FAC21364}.Release|ARM.ActiveCfg = Release|Any CPU
		{22EF5B91-787A-482D-B44C-B6E6FAC21364}.Release|iPhone.ActiveCfg = Release|iPhone
		{22EF5B91-787A-482D-B44C-B6E6FAC21364}.Release|iPhone.Build.0 = Release|iPhone
		{22EF5B91-787A-482D-B44C-B6E6FAC21364}.Release|iPhoneSimulator.ActiveCfg = Release|iPhone
		{22EF5B91-787A-482D-B44C-B6E6FAC21364}.Release|iPhoneSimulator.Build.0 = Release|iPhone
		{22EF5B91-787A-482D-B44C-B6E6FAC21364}.Release|iPhoneSimulator.Deploy.0 = Release|iPhone
		{22EF5B91-787A-482D-B44C-B6E6FAC21364}.Release|Mixed Platforms.ActiveCfg = Release|Any CPU
		{22EF5B91-787A-482D-B44C-B6E6FAC21364}.Release|Mixed Platforms.Build.0 = Release|Any CPU
		{22EF5B91-787A-482D-B44C-B6E6FAC21364}.Release|Mixed Platforms.Deploy.0 = Release|Any CPU
		{22EF5B91-787A-482D-B44C-B6E6FAC21364}.Release|x64.ActiveCfg = Release|Any CPU
		{22EF5B91-787A-482D-B44C-B6E6FAC21364}.Release|x64.Build.0 = Release|Any CPU
		{22EF5B91-787A-482D-B44C-B6E6FAC21364}.Release|x86.ActiveCfg = Release|Any CPU
		{0C81A770-8D1B-4AF4-B223-41D97756FA47}.Ad-Hoc|Any CPU.ActiveCfg = Debug|Any CPU
		{0C81A770-8D1B-4AF4-B223-41D97756FA47}.Ad-Hoc|Any CPU.Build.0 = Debug|Any CPU
		{0C81A770-8D1B-4AF4-B223-41D97756FA47}.Ad-Hoc|Any CPU.Deploy.0 = Debug|Any CPU
		{0C81A770-8D1B-4AF4-B223-41D97756FA47}.Ad-Hoc|ARM.ActiveCfg = Debug|Any CPU
		{0C81A770-8D1B-4AF4-B223-41D97756FA47}.Ad-Hoc|iPhone.ActiveCfg = Release|Any CPU
		{0C81A770-8D1B-4AF4-B223-41D97756FA47}.Ad-Hoc|iPhone.Build.0 = Release|Any CPU
		{0C81A770-8D1B-4AF4-B223-41D97756FA47}.Ad-Hoc|iPhoneSimulator.ActiveCfg = Release|Any CPU
		{0C81A770-8D1B-4AF4-B223-41D97756FA47}.Ad-Hoc|iPhoneSimulator.Build.0 = Release|Any CPU
		{0C81A770-8D1B-4AF4-B223-41D97756FA47}.Ad-Hoc|Mixed Platforms.ActiveCfg = Release|Any CPU
		{0C81A770-8D1B-4AF4-B223-41D97756FA47}.Ad-Hoc|Mixed Platforms.Build.0 = Release|Any CPU
		{0C81A770-8D1B-4AF4-B223-41D97756FA47}.Ad-Hoc|Mixed Platforms.Deploy.0 = Release|Any CPU
		{0C81A770-8D1B-4AF4-B223-41D97756FA47}.Ad-Hoc|x64.ActiveCfg = Release|Any CPU
		{0C81A770-8D1B-4AF4-B223-41D97756FA47}.Ad-Hoc|x64.Build.0 = Release|Any CPU
		{0C81A770-8D1B-4AF4-B223-41D97756FA47}.Ad-Hoc|x64.Deploy.0 = Release|Any CPU
		{0C81A770-8D1B-4AF4-B223-41D97756FA47}.Ad-Hoc|x86.ActiveCfg = Debug|Any CPU
		{0C81A770-8D1B-4AF4-B223-41D97756FA47}.AppStore|Any CPU.ActiveCfg = Debug|Any CPU
		{0C81A770-8D1B-4AF4-B223-41D97756FA47}.AppStore|Any CPU.Build.0 = Debug|Any CPU
		{0C81A770-8D1B-4AF4-B223-41D97756FA47}.AppStore|Any CPU.Deploy.0 = Debug|Any CPU
		{0C81A770-8D1B-4AF4-B223-41D97756FA47}.AppStore|ARM.ActiveCfg = Debug|Any CPU
		{0C81A770-8D1B-4AF4-B223-41D97756FA47}.AppStore|iPhone.ActiveCfg = Release|Any CPU
		{0C81A770-8D1B-4AF4-B223-41D97756FA47}.AppStore|iPhone.Build.0 = Release|Any CPU
		{0C81A770-8D1B-4AF4-B223-41D97756FA47}.AppStore|iPhoneSimulator.ActiveCfg = Release|Any CPU
		{0C81A770-8D1B-4AF4-B223-41D97756FA47}.AppStore|iPhoneSimulator.Build.0 = Release|Any CPU
		{0C81A770-8D1B-4AF4-B223-41D97756FA47}.AppStore|Mixed Platforms.ActiveCfg = Release|Any CPU
		{0C81A770-8D1B-4AF4-B223-41D97756FA47}.AppStore|Mixed Platforms.Build.0 = Release|Any CPU
		{0C81A770-8D1B-4AF4-B223-41D97756FA47}.AppStore|Mixed Platforms.Deploy.0 = Release|Any CPU
		{0C81A770-8D1B-4AF4-B223-41D97756FA47}.AppStore|x64.ActiveCfg = Release|Any CPU
		{0C81A770-8D1B-4AF4-B223-41D97756FA47}.AppStore|x64.Build.0 = Release|Any CPU
		{0C81A770-8D1B-4AF4-B223-41D97756FA47}.AppStore|x64.Deploy.0 = Release|Any CPU
		{0C81A770-8D1B-4AF4-B223-41D97756FA47}.AppStore|x86.ActiveCfg = Debug|Any CPU
		{0C81A770-8D1B-4AF4-B223-41D97756FA47}.Debug|Any CPU.ActiveCfg = Debug|Any CPU
		{0C81A770-8D1B-4AF4-B223-41D97756FA47}.Debug|Any CPU.Build.0 = Debug|Any CPU
		{0C81A770-8D1B-4AF4-B223-41D97756FA47}.Debug|Any CPU.Deploy.0 = Debug|Any CPU
		{0C81A770-8D1B-4AF4-B223-41D97756FA47}.Debug|ARM.ActiveCfg = Debug|Any CPU
		{0C81A770-8D1B-4AF4-B223-41D97756FA47}.Debug|iPhone.ActiveCfg = Debug|Any CPU
		{0C81A770-8D1B-4AF4-B223-41D97756FA47}.Debug|iPhone.Build.0 = Debug|Any CPU
		{0C81A770-8D1B-4AF4-B223-41D97756FA47}.Debug|iPhone.Deploy.0 = Debug|Any CPU
		{0C81A770-8D1B-4AF4-B223-41D97756FA47}.Debug|iPhoneSimulator.ActiveCfg = Debug|Any CPU
		{0C81A770-8D1B-4AF4-B223-41D97756FA47}.Debug|Mixed Platforms.ActiveCfg = Debug|Any CPU
		{0C81A770-8D1B-4AF4-B223-41D97756FA47}.Debug|Mixed Platforms.Build.0 = Debug|Any CPU
		{0C81A770-8D1B-4AF4-B223-41D97756FA47}.Debug|Mixed Platforms.Deploy.0 = Debug|Any CPU
		{0C81A770-8D1B-4AF4-B223-41D97756FA47}.Debug|x64.ActiveCfg = Debug|Any CPU
		{0C81A770-8D1B-4AF4-B223-41D97756FA47}.Debug|x64.Build.0 = Debug|Any CPU
		{0C81A770-8D1B-4AF4-B223-41D97756FA47}.Debug|x64.Deploy.0 = Debug|Any CPU
		{0C81A770-8D1B-4AF4-B223-41D97756FA47}.Debug|x86.ActiveCfg = Debug|Any CPU
		{0C81A770-8D1B-4AF4-B223-41D97756FA47}.Release|Any CPU.ActiveCfg = Release|Any CPU
		{0C81A770-8D1B-4AF4-B223-41D97756FA47}.Release|Any CPU.Build.0 = Release|Any CPU
		{0C81A770-8D1B-4AF4-B223-41D97756FA47}.Release|Any CPU.Deploy.0 = Release|Any CPU
		{0C81A770-8D1B-4AF4-B223-41D97756FA47}.Release|ARM.ActiveCfg = Release|Any CPU
		{0C81A770-8D1B-4AF4-B223-41D97756FA47}.Release|iPhone.ActiveCfg = Release|Any CPU
		{0C81A770-8D1B-4AF4-B223-41D97756FA47}.Release|iPhone.Build.0 = Release|Any CPU
		{0C81A770-8D1B-4AF4-B223-41D97756FA47}.Release|iPhoneSimulator.ActiveCfg = Release|Any CPU
		{0C81A770-8D1B-4AF4-B223-41D97756FA47}.Release|Mixed Platforms.ActiveCfg = Release|Any CPU
		{0C81A770-8D1B-4AF4-B223-41D97756FA47}.Release|Mixed Platforms.Build.0 = Release|Any CPU
		{0C81A770-8D1B-4AF4-B223-41D97756FA47}.Release|Mixed Platforms.Deploy.0 = Release|Any CPU
		{0C81A770-8D1B-4AF4-B223-41D97756FA47}.Release|x64.ActiveCfg = Release|Any CPU
		{0C81A770-8D1B-4AF4-B223-41D97756FA47}.Release|x64.Build.0 = Release|Any CPU
		{0C81A770-8D1B-4AF4-B223-41D97756FA47}.Release|x64.Deploy.0 = Release|Any CPU
		{0C81A770-8D1B-4AF4-B223-41D97756FA47}.Release|x86.ActiveCfg = Release|Any CPU
		{C7552E1A-F970-4D5D-8482-9E5CC646E0D3}.Ad-Hoc|Any CPU.ActiveCfg = Release|x64
		{C7552E1A-F970-4D5D-8482-9E5CC646E0D3}.Ad-Hoc|Any CPU.Build.0 = Release|x64
		{C7552E1A-F970-4D5D-8482-9E5CC646E0D3}.Ad-Hoc|Any CPU.Deploy.0 = Release|x64
		{C7552E1A-F970-4D5D-8482-9E5CC646E0D3}.Ad-Hoc|ARM.ActiveCfg = Release|ARM
		{C7552E1A-F970-4D5D-8482-9E5CC646E0D3}.Ad-Hoc|ARM.Build.0 = Release|ARM
		{C7552E1A-F970-4D5D-8482-9E5CC646E0D3}.Ad-Hoc|ARM.Deploy.0 = Release|ARM
		{C7552E1A-F970-4D5D-8482-9E5CC646E0D3}.Ad-Hoc|iPhone.ActiveCfg = Release|x64
		{C7552E1A-F970-4D5D-8482-9E5CC646E0D3}.Ad-Hoc|iPhone.Build.0 = Release|x64
		{C7552E1A-F970-4D5D-8482-9E5CC646E0D3}.Ad-Hoc|iPhone.Deploy.0 = Release|x64
		{C7552E1A-F970-4D5D-8482-9E5CC646E0D3}.Ad-Hoc|iPhoneSimulator.ActiveCfg = Release|x64
		{C7552E1A-F970-4D5D-8482-9E5CC646E0D3}.Ad-Hoc|iPhoneSimulator.Build.0 = Release|x64
		{C7552E1A-F970-4D5D-8482-9E5CC646E0D3}.Ad-Hoc|iPhoneSimulator.Deploy.0 = Release|x64
		{C7552E1A-F970-4D5D-8482-9E5CC646E0D3}.Ad-Hoc|Mixed Platforms.ActiveCfg = Release|x86
		{C7552E1A-F970-4D5D-8482-9E5CC646E0D3}.Ad-Hoc|Mixed Platforms.Build.0 = Release|x86
		{C7552E1A-F970-4D5D-8482-9E5CC646E0D3}.Ad-Hoc|Mixed Platforms.Deploy.0 = Release|x86
		{C7552E1A-F970-4D5D-8482-9E5CC646E0D3}.Ad-Hoc|x64.ActiveCfg = Release|x64
		{C7552E1A-F970-4D5D-8482-9E5CC646E0D3}.Ad-Hoc|x64.Build.0 = Release|x64
		{C7552E1A-F970-4D5D-8482-9E5CC646E0D3}.Ad-Hoc|x64.Deploy.0 = Release|x64
		{C7552E1A-F970-4D5D-8482-9E5CC646E0D3}.Ad-Hoc|x86.ActiveCfg = Release|x86
		{C7552E1A-F970-4D5D-8482-9E5CC646E0D3}.Ad-Hoc|x86.Build.0 = Release|x86
		{C7552E1A-F970-4D5D-8482-9E5CC646E0D3}.Ad-Hoc|x86.Deploy.0 = Release|x86
		{C7552E1A-F970-4D5D-8482-9E5CC646E0D3}.AppStore|Any CPU.ActiveCfg = Release|x64
		{C7552E1A-F970-4D5D-8482-9E5CC646E0D3}.AppStore|Any CPU.Build.0 = Release|x64
		{C7552E1A-F970-4D5D-8482-9E5CC646E0D3}.AppStore|Any CPU.Deploy.0 = Release|x64
		{C7552E1A-F970-4D5D-8482-9E5CC646E0D3}.AppStore|ARM.ActiveCfg = Release|ARM
		{C7552E1A-F970-4D5D-8482-9E5CC646E0D3}.AppStore|ARM.Build.0 = Release|ARM
		{C7552E1A-F970-4D5D-8482-9E5CC646E0D3}.AppStore|ARM.Deploy.0 = Release|ARM
		{C7552E1A-F970-4D5D-8482-9E5CC646E0D3}.AppStore|iPhone.ActiveCfg = Release|x64
		{C7552E1A-F970-4D5D-8482-9E5CC646E0D3}.AppStore|iPhone.Build.0 = Release|x64
		{C7552E1A-F970-4D5D-8482-9E5CC646E0D3}.AppStore|iPhone.Deploy.0 = Release|x64
		{C7552E1A-F970-4D5D-8482-9E5CC646E0D3}.AppStore|iPhoneSimulator.ActiveCfg = Release|x64
		{C7552E1A-F970-4D5D-8482-9E5CC646E0D3}.AppStore|iPhoneSimulator.Build.0 = Release|x64
		{C7552E1A-F970-4D5D-8482-9E5CC646E0D3}.AppStore|iPhoneSimulator.Deploy.0 = Release|x64
		{C7552E1A-F970-4D5D-8482-9E5CC646E0D3}.AppStore|Mixed Platforms.ActiveCfg = Release|x86
		{C7552E1A-F970-4D5D-8482-9E5CC646E0D3}.AppStore|Mixed Platforms.Build.0 = Release|x86
		{C7552E1A-F970-4D5D-8482-9E5CC646E0D3}.AppStore|Mixed Platforms.Deploy.0 = Release|x86
		{C7552E1A-F970-4D5D-8482-9E5CC646E0D3}.AppStore|x64.ActiveCfg = Release|x64
		{C7552E1A-F970-4D5D-8482-9E5CC646E0D3}.AppStore|x64.Build.0 = Release|x64
		{C7552E1A-F970-4D5D-8482-9E5CC646E0D3}.AppStore|x64.Deploy.0 = Release|x64
		{C7552E1A-F970-4D5D-8482-9E5CC646E0D3}.AppStore|x86.ActiveCfg = Release|x86
		{C7552E1A-F970-4D5D-8482-9E5CC646E0D3}.AppStore|x86.Build.0 = Release|x86
		{C7552E1A-F970-4D5D-8482-9E5CC646E0D3}.AppStore|x86.Deploy.0 = Release|x86
		{C7552E1A-F970-4D5D-8482-9E5CC646E0D3}.Debug|Any CPU.ActiveCfg = Debug|x86
		{C7552E1A-F970-4D5D-8482-9E5CC646E0D3}.Debug|ARM.ActiveCfg = Debug|ARM
		{C7552E1A-F970-4D5D-8482-9E5CC646E0D3}.Debug|ARM.Build.0 = Debug|ARM
		{C7552E1A-F970-4D5D-8482-9E5CC646E0D3}.Debug|ARM.Deploy.0 = Debug|ARM
		{C7552E1A-F970-4D5D-8482-9E5CC646E0D3}.Debug|iPhone.ActiveCfg = Debug|x86
		{C7552E1A-F970-4D5D-8482-9E5CC646E0D3}.Debug|iPhoneSimulator.ActiveCfg = Debug|x86
		{C7552E1A-F970-4D5D-8482-9E5CC646E0D3}.Debug|Mixed Platforms.ActiveCfg = Debug|x86
		{C7552E1A-F970-4D5D-8482-9E5CC646E0D3}.Debug|Mixed Platforms.Build.0 = Debug|x86
		{C7552E1A-F970-4D5D-8482-9E5CC646E0D3}.Debug|Mixed Platforms.Deploy.0 = Debug|x86
		{C7552E1A-F970-4D5D-8482-9E5CC646E0D3}.Debug|x64.ActiveCfg = Debug|x64
		{C7552E1A-F970-4D5D-8482-9E5CC646E0D3}.Debug|x64.Build.0 = Debug|x64
		{C7552E1A-F970-4D5D-8482-9E5CC646E0D3}.Debug|x64.Deploy.0 = Debug|x64
		{C7552E1A-F970-4D5D-8482-9E5CC646E0D3}.Debug|x86.ActiveCfg = Debug|x86
		{C7552E1A-F970-4D5D-8482-9E5CC646E0D3}.Debug|x86.Build.0 = Debug|x86
		{C7552E1A-F970-4D5D-8482-9E5CC646E0D3}.Debug|x86.Deploy.0 = Debug|x86
		{C7552E1A-F970-4D5D-8482-9E5CC646E0D3}.Release|Any CPU.ActiveCfg = Release|x86
		{C7552E1A-F970-4D5D-8482-9E5CC646E0D3}.Release|ARM.ActiveCfg = Release|ARM
		{C7552E1A-F970-4D5D-8482-9E5CC646E0D3}.Release|ARM.Build.0 = Release|ARM
		{C7552E1A-F970-4D5D-8482-9E5CC646E0D3}.Release|ARM.Deploy.0 = Release|ARM
		{C7552E1A-F970-4D5D-8482-9E5CC646E0D3}.Release|iPhone.ActiveCfg = Release|x86
		{C7552E1A-F970-4D5D-8482-9E5CC646E0D3}.Release|iPhoneSimulator.ActiveCfg = Release|x86
		{C7552E1A-F970-4D5D-8482-9E5CC646E0D3}.Release|Mixed Platforms.ActiveCfg = Release|x86
		{C7552E1A-F970-4D5D-8482-9E5CC646E0D3}.Release|Mixed Platforms.Build.0 = Release|x86
		{C7552E1A-F970-4D5D-8482-9E5CC646E0D3}.Release|Mixed Platforms.Deploy.0 = Release|x86
		{C7552E1A-F970-4D5D-8482-9E5CC646E0D3}.Release|x64.ActiveCfg = Release|x64
		{C7552E1A-F970-4D5D-8482-9E5CC646E0D3}.Release|x64.Build.0 = Release|x64
		{C7552E1A-F970-4D5D-8482-9E5CC646E0D3}.Release|x64.Deploy.0 = Release|x64
		{C7552E1A-F970-4D5D-8482-9E5CC646E0D3}.Release|x86.ActiveCfg = Release|x86
		{C7552E1A-F970-4D5D-8482-9E5CC646E0D3}.Release|x86.Build.0 = Release|x86
		{C7552E1A-F970-4D5D-8482-9E5CC646E0D3}.Release|x86.Deploy.0 = Release|x86
		{F242039D-DEA3-4312-8726-7C82159A5D9A}.Ad-Hoc|Any CPU.ActiveCfg = Release|Any CPU
		{F242039D-DEA3-4312-8726-7C82159A5D9A}.Ad-Hoc|Any CPU.Build.0 = Release|Any CPU
		{F242039D-DEA3-4312-8726-7C82159A5D9A}.Ad-Hoc|ARM.ActiveCfg = Release|Any CPU
		{F242039D-DEA3-4312-8726-7C82159A5D9A}.Ad-Hoc|ARM.Build.0 = Release|Any CPU
		{F242039D-DEA3-4312-8726-7C82159A5D9A}.Ad-Hoc|iPhone.ActiveCfg = Release|Any CPU
		{F242039D-DEA3-4312-8726-7C82159A5D9A}.Ad-Hoc|iPhone.Build.0 = Release|Any CPU
		{F242039D-DEA3-4312-8726-7C82159A5D9A}.Ad-Hoc|iPhoneSimulator.ActiveCfg = Release|Any CPU
		{F242039D-DEA3-4312-8726-7C82159A5D9A}.Ad-Hoc|iPhoneSimulator.Build.0 = Release|Any CPU
		{F242039D-DEA3-4312-8726-7C82159A5D9A}.Ad-Hoc|Mixed Platforms.ActiveCfg = Release|Any CPU
		{F242039D-DEA3-4312-8726-7C82159A5D9A}.Ad-Hoc|Mixed Platforms.Build.0 = Release|Any CPU
		{F242039D-DEA3-4312-8726-7C82159A5D9A}.Ad-Hoc|x64.ActiveCfg = Release|Any CPU
		{F242039D-DEA3-4312-8726-7C82159A5D9A}.Ad-Hoc|x64.Build.0 = Release|Any CPU
		{F242039D-DEA3-4312-8726-7C82159A5D9A}.Ad-Hoc|x86.ActiveCfg = Release|Any CPU
		{F242039D-DEA3-4312-8726-7C82159A5D9A}.Ad-Hoc|x86.Build.0 = Release|Any CPU
		{F242039D-DEA3-4312-8726-7C82159A5D9A}.AppStore|Any CPU.ActiveCfg = Release|Any CPU
		{F242039D-DEA3-4312-8726-7C82159A5D9A}.AppStore|Any CPU.Build.0 = Release|Any CPU
		{F242039D-DEA3-4312-8726-7C82159A5D9A}.AppStore|ARM.ActiveCfg = Release|Any CPU
		{F242039D-DEA3-4312-8726-7C82159A5D9A}.AppStore|ARM.Build.0 = Release|Any CPU
		{F242039D-DEA3-4312-8726-7C82159A5D9A}.AppStore|iPhone.ActiveCfg = Release|Any CPU
		{F242039D-DEA3-4312-8726-7C82159A5D9A}.AppStore|iPhone.Build.0 = Release|Any CPU
		{F242039D-DEA3-4312-8726-7C82159A5D9A}.AppStore|iPhoneSimulator.ActiveCfg = Release|Any CPU
		{F242039D-DEA3-4312-8726-7C82159A5D9A}.AppStore|iPhoneSimulator.Build.0 = Release|Any CPU
		{F242039D-DEA3-4312-8726-7C82159A5D9A}.AppStore|Mixed Platforms.ActiveCfg = Release|Any CPU
		{F242039D-DEA3-4312-8726-7C82159A5D9A}.AppStore|Mixed Platforms.Build.0 = Release|Any CPU
		{F242039D-DEA3-4312-8726-7C82159A5D9A}.AppStore|x64.ActiveCfg = Release|Any CPU
		{F242039D-DEA3-4312-8726-7C82159A5D9A}.AppStore|x64.Build.0 = Release|Any CPU
		{F242039D-DEA3-4312-8726-7C82159A5D9A}.AppStore|x86.ActiveCfg = Release|Any CPU
		{F242039D-DEA3-4312-8726-7C82159A5D9A}.AppStore|x86.Build.0 = Release|Any CPU
		{F242039D-DEA3-4312-8726-7C82159A5D9A}.Debug|Any CPU.ActiveCfg = Debug|Any CPU
		{F242039D-DEA3-4312-8726-7C82159A5D9A}.Debug|Any CPU.Build.0 = Debug|Any CPU
		{F242039D-DEA3-4312-8726-7C82159A5D9A}.Debug|ARM.ActiveCfg = Debug|Any CPU
		{F242039D-DEA3-4312-8726-7C82159A5D9A}.Debug|ARM.Build.0 = Debug|Any CPU
		{F242039D-DEA3-4312-8726-7C82159A5D9A}.Debug|iPhone.ActiveCfg = Debug|Any CPU
		{F242039D-DEA3-4312-8726-7C82159A5D9A}.Debug|iPhone.Build.0 = Debug|Any CPU
		{F242039D-DEA3-4312-8726-7C82159A5D9A}.Debug|iPhoneSimulator.ActiveCfg = Debug|Any CPU
		{F242039D-DEA3-4312-8726-7C82159A5D9A}.Debug|iPhoneSimulator.Build.0 = Debug|Any CPU
		{F242039D-DEA3-4312-8726-7C82159A5D9A}.Debug|Mixed Platforms.ActiveCfg = Debug|Any CPU
		{F242039D-DEA3-4312-8726-7C82159A5D9A}.Debug|Mixed Platforms.Build.0 = Debug|Any CPU
		{F242039D-DEA3-4312-8726-7C82159A5D9A}.Debug|x64.ActiveCfg = Debug|Any CPU
		{F242039D-DEA3-4312-8726-7C82159A5D9A}.Debug|x64.Build.0 = Debug|Any CPU
		{F242039D-DEA3-4312-8726-7C82159A5D9A}.Debug|x86.ActiveCfg = Debug|Any CPU
		{F242039D-DEA3-4312-8726-7C82159A5D9A}.Debug|x86.Build.0 = Debug|Any CPU
		{F242039D-DEA3-4312-8726-7C82159A5D9A}.Release|Any CPU.ActiveCfg = Release|Any CPU
		{F242039D-DEA3-4312-8726-7C82159A5D9A}.Release|Any CPU.Build.0 = Release|Any CPU
		{F242039D-DEA3-4312-8726-7C82159A5D9A}.Release|ARM.ActiveCfg = Release|Any CPU
		{F242039D-DEA3-4312-8726-7C82159A5D9A}.Release|ARM.Build.0 = Release|Any CPU
		{F242039D-DEA3-4312-8726-7C82159A5D9A}.Release|iPhone.ActiveCfg = Release|Any CPU
		{F242039D-DEA3-4312-8726-7C82159A5D9A}.Release|iPhone.Build.0 = Release|Any CPU
		{F242039D-DEA3-4312-8726-7C82159A5D9A}.Release|iPhoneSimulator.ActiveCfg = Release|Any CPU
		{F242039D-DEA3-4312-8726-7C82159A5D9A}.Release|iPhoneSimulator.Build.0 = Release|Any CPU
		{F242039D-DEA3-4312-8726-7C82159A5D9A}.Release|Mixed Platforms.ActiveCfg = Release|Any CPU
		{F242039D-DEA3-4312-8726-7C82159A5D9A}.Release|Mixed Platforms.Build.0 = Release|Any CPU
		{F242039D-DEA3-4312-8726-7C82159A5D9A}.Release|x64.ActiveCfg = Release|Any CPU
		{F242039D-DEA3-4312-8726-7C82159A5D9A}.Release|x64.Build.0 = Release|Any CPU
		{F242039D-DEA3-4312-8726-7C82159A5D9A}.Release|x86.ActiveCfg = Release|Any CPU
		{F242039D-DEA3-4312-8726-7C82159A5D9A}.Release|x86.Build.0 = Release|Any CPU
	EndGlobalSection
	GlobalSection(SolutionProperties) = preSolution
		HideSolutionNode = FALSE
	EndGlobalSection
	GlobalSection(ExtensibilityGlobals) = postSolution
		SolutionGuid = {042BFAFA-387B-4F71-BBF8-67E5018EBF99}
	EndGlobalSection
EndGlobal
